// !$*UTF8*$!
{
	archiveVersion = 1;
	classes = {
	};
	objectVersion = 55;
	objects = {

/* Begin PBXBuildFile section */
		F8280DBA2835B55E001AAEC8 /* OnboardingContainerViewController.swift in Sources */ = {isa = PBXBuildFile; fileRef = F8280DB92835B55E001AAEC8 /* OnboardingContainerViewController.swift */; };
		F845C2C5285EA1800090C15A /* OnboardingViewController.swift in Sources */ = {isa = PBXBuildFile; fileRef = F845C2C4285EA1800090C15A /* OnboardingViewController.swift */; };
		F8614D1428F9D7D500C5EB2D /* CurrencyFormatterTests.swift in Sources */ = {isa = PBXBuildFile; fileRef = F8614D1328F9D7D500C5EB2D /* CurrencyFormatterTests.swift */; };
		F8657AF828D14CA600AE3E04 /* AccountSummaryCell.swift in Sources */ = {isa = PBXBuildFile; fileRef = F8657AF728D14CA600AE3E04 /* AccountSummaryCell.swift */; };
		F866E26F282571F200397F36 /* LoginView.swift in Sources */ = {isa = PBXBuildFile; fileRef = F866E26E282571F200397F36 /* LoginView.swift */; };
		F86EC34E2824780A00B94335 /* AppDelegate.swift in Sources */ = {isa = PBXBuildFile; fileRef = F86EC34D2824780A00B94335 /* AppDelegate.swift */; };
		F86EC3522824780A00B94335 /* LoginViewController.swift in Sources */ = {isa = PBXBuildFile; fileRef = F86EC3512824780A00B94335 /* LoginViewController.swift */; };
		F86EC3572824780B00B94335 /* Assets.xcassets in Resources */ = {isa = PBXBuildFile; fileRef = F86EC3562824780B00B94335 /* Assets.xcassets */; };
		F86EC35A2824780B00B94335 /* LaunchScreen.storyboard in Resources */ = {isa = PBXBuildFile; fileRef = F86EC3582824780B00B94335 /* LaunchScreen.storyboard */; };
		F887D08C28CB9F91004C50A8 /* AccountSummaryViewController.swift in Sources */ = {isa = PBXBuildFile; fileRef = F887D08B28CB9F91004C50A8 /* AccountSummaryViewController.swift */; };
		F887D08E28CBDBBF004C50A8 /* AccountSummaryHeaderView.swift in Sources */ = {isa = PBXBuildFile; fileRef = F887D08D28CBDBBF004C50A8 /* AccountSummaryHeaderView.swift */; };
		F887D09028CBDC10004C50A8 /* AccountSummaryHeaderView.xib in Resources */ = {isa = PBXBuildFile; fileRef = F887D08F28CBDC10004C50A8 /* AccountSummaryHeaderView.xib */; };
		F8BB98FB289F358200A6535B /* LocalState.swift in Sources */ = {isa = PBXBuildFile; fileRef = F8BB98FA289F358200A6535B /* LocalState.swift */; };
		F8C58D5D28B977EE00D6D1F7 /* UiViewController+Utils.swift in Sources */ = {isa = PBXBuildFile; fileRef = F8C58D5C28B977EE00D6D1F7 /* UiViewController+Utils.swift */; };
		F8C58D5F28B97B1E00D6D1F7 /* MainViewController.swift in Sources */ = {isa = PBXBuildFile; fileRef = F8C58D5E28B97B1E00D6D1F7 /* MainViewController.swift */; };
		F8D981DA28EF79C300D8D3B4 /* Decimal+Utils.swift in Sources */ = {isa = PBXBuildFile; fileRef = F8D981D928EF79C300D8D3B4 /* Decimal+Utils.swift */; };
		F8D981DC28EF79D600D8D3B4 /* CurrencyFormatter.swift in Sources */ = {isa = PBXBuildFile; fileRef = F8D981DB28EF79D600D8D3B4 /* CurrencyFormatter.swift */; };
/* End PBXBuildFile section */

/* Begin PBXContainerItemProxy section */
		F8614D0E28F9D3DA00C5EB2D /* PBXContainerItemProxy */ = {
			isa = PBXContainerItemProxy;
			containerPortal = F86EC3422824780A00B94335 /* Project object */;
			proxyType = 1;
			remoteGlobalIDString = F86EC3492824780A00B94335;
			remoteInfo = Bankey;
		};
/* End PBXContainerItemProxy section */

/* Begin PBXFileReference section */
		F8280DB92835B55E001AAEC8 /* OnboardingContainerViewController.swift */ = {isa = PBXFileReference; lastKnownFileType = sourcecode.swift; path = OnboardingContainerViewController.swift; sourceTree = "<group>"; };
		F845C2C4285EA1800090C15A /* OnboardingViewController.swift */ = {isa = PBXFileReference; lastKnownFileType = sourcecode.swift; path = OnboardingViewController.swift; sourceTree = "<group>"; };
		F8614D0A28F9D3DA00C5EB2D /* BankeyUnitTests.xctest */ = {isa = PBXFileReference; explicitFileType = wrapper.cfbundle; includeInIndex = 0; path = BankeyUnitTests.xctest; sourceTree = BUILT_PRODUCTS_DIR; };
		F8614D1328F9D7D500C5EB2D /* CurrencyFormatterTests.swift */ = {isa = PBXFileReference; lastKnownFileType = sourcecode.swift; path = CurrencyFormatterTests.swift; sourceTree = "<group>"; };
		F8657AF728D14CA600AE3E04 /* AccountSummaryCell.swift */ = {isa = PBXFileReference; lastKnownFileType = sourcecode.swift; path = AccountSummaryCell.swift; sourceTree = "<group>"; };
		F866E26E282571F200397F36 /* LoginView.swift */ = {isa = PBXFileReference; lastKnownFileType = sourcecode.swift; path = LoginView.swift; sourceTree = "<group>"; };
		F86EC34A2824780A00B94335 /* Bankey.app */ = {isa = PBXFileReference; explicitFileType = wrapper.application; includeInIndex = 0; path = Bankey.app; sourceTree = BUILT_PRODUCTS_DIR; };
		F86EC34D2824780A00B94335 /* AppDelegate.swift */ = {isa = PBXFileReference; lastKnownFileType = sourcecode.swift; path = AppDelegate.swift; sourceTree = "<group>"; };
		F86EC3512824780A00B94335 /* LoginViewController.swift */ = {isa = PBXFileReference; lastKnownFileType = sourcecode.swift; path = LoginViewController.swift; sourceTree = "<group>"; };
		F86EC3562824780B00B94335 /* Assets.xcassets */ = {isa = PBXFileReference; lastKnownFileType = folder.assetcatalog; path = Assets.xcassets; sourceTree = "<group>"; };
		F86EC3592824780B00B94335 /* Base */ = {isa = PBXFileReference; lastKnownFileType = file.storyboard; name = Base; path = Base.lproj/LaunchScreen.storyboard; sourceTree = "<group>"; };
		F86EC35B2824780B00B94335 /* Info.plist */ = {isa = PBXFileReference; lastKnownFileType = text.plist.xml; path = Info.plist; sourceTree = "<group>"; };
		F887D08B28CB9F91004C50A8 /* AccountSummaryViewController.swift */ = {isa = PBXFileReference; lastKnownFileType = sourcecode.swift; path = AccountSummaryViewController.swift; sourceTree = "<group>"; };
		F887D08D28CBDBBF004C50A8 /* AccountSummaryHeaderView.swift */ = {isa = PBXFileReference; lastKnownFileType = sourcecode.swift; path = AccountSummaryHeaderView.swift; sourceTree = "<group>"; };
		F887D08F28CBDC10004C50A8 /* AccountSummaryHeaderView.xib */ = {isa = PBXFileReference; lastKnownFileType = file.xib; path = AccountSummaryHeaderView.xib; sourceTree = "<group>"; };
		F8BB98FA289F358200A6535B /* LocalState.swift */ = {isa = PBXFileReference; lastKnownFileType = sourcecode.swift; path = LocalState.swift; sourceTree = "<group>"; };
		F8C58D5C28B977EE00D6D1F7 /* UiViewController+Utils.swift */ = {isa = PBXFileReference; lastKnownFileType = sourcecode.swift; path = "UiViewController+Utils.swift"; sourceTree = "<group>"; };
		F8C58D5E28B97B1E00D6D1F7 /* MainViewController.swift */ = {isa = PBXFileReference; lastKnownFileType = sourcecode.swift; path = MainViewController.swift; sourceTree = "<group>"; };
		F8D981D928EF79C300D8D3B4 /* Decimal+Utils.swift */ = {isa = PBXFileReference; lastKnownFileType = sourcecode.swift; path = "Decimal+Utils.swift"; sourceTree = "<group>"; };
		F8D981DB28EF79D600D8D3B4 /* CurrencyFormatter.swift */ = {isa = PBXFileReference; lastKnownFileType = sourcecode.swift; path = CurrencyFormatter.swift; sourceTree = "<group>"; };
/* End PBXFileReference section */

/* Begin PBXFrameworksBuildPhase section */
		F8614D0728F9D3D900C5EB2D /* Frameworks */ = {
			isa = PBXFrameworksBuildPhase;
			buildActionMask = 2147483647;
			files = (
			);
			runOnlyForDeploymentPostprocessing = 0;
		};
		F86EC3472824780A00B94335 /* Frameworks */ = {
			isa = PBXFrameworksBuildPhase;
			buildActionMask = 2147483647;
			files = (
			);
			runOnlyForDeploymentPostprocessing = 0;
		};
/* End PBXFrameworksBuildPhase section */

/* Begin PBXGroup section */
		F8280DB82835B471001AAEC8 /* Onboarding */ = {
			isa = PBXGroup;
			children = (
				F8280DB92835B55E001AAEC8 /* OnboardingContainerViewController.swift */,
				F845C2C4285EA1800090C15A /* OnboardingViewController.swift */,
			);
			path = Onboarding;
			sourceTree = "<group>";
		};
		F8614D0B28F9D3DA00C5EB2D /* BankeyUnitTests */ = {
			isa = PBXGroup;
			children = (
				F8614D1328F9D7D500C5EB2D /* CurrencyFormatterTests.swift */,
			);
			path = BankeyUnitTests;
			sourceTree = "<group>";
		};
		F8657AF528D14C2100AE3E04 /* Header */ = {
			isa = PBXGroup;
			children = (
				F887D08D28CBDBBF004C50A8 /* AccountSummaryHeaderView.swift */,
				F887D08F28CBDC10004C50A8 /* AccountSummaryHeaderView.xib */,
			);
			path = Header;
			sourceTree = "<group>";
		};
		F8657AF628D14C6D00AE3E04 /* Cells */ = {
			isa = PBXGroup;
			children = (
				F8657AF728D14CA600AE3E04 /* AccountSummaryCell.swift */,
			);
			path = Cells;
			sourceTree = "<group>";
		};
		F866E26C28255DA200397F36 /* Files */ = {
			isa = PBXGroup;
			children = (
				F86EC3562824780B00B94335 /* Assets.xcassets */,
				F86EC3582824780B00B94335 /* LaunchScreen.storyboard */,
				F86EC35B2824780B00B94335 /* Info.plist */,
			);
			name = Files;
			sourceTree = "<group>";
		};
		F866E26D282571B800397F36 /* Login */ = {
			isa = PBXGroup;
			children = (
				F86EC3512824780A00B94335 /* LoginViewController.swift */,
				F866E26E282571F200397F36 /* LoginView.swift */,
			);
			path = Login;
			sourceTree = "<group>";
		};
		F86EC3412824780A00B94335 = {
			isa = PBXGroup;
			children = (
				F86EC34C2824780A00B94335 /* Bankey */,
				F8614D0B28F9D3DA00C5EB2D /* BankeyUnitTests */,
				F86EC34B2824780A00B94335 /* Products */,
			);
			sourceTree = "<group>";
		};
		F86EC34B2824780A00B94335 /* Products */ = {
			isa = PBXGroup;
			children = (
				F86EC34A2824780A00B94335 /* Bankey.app */,
				F8614D0A28F9D3DA00C5EB2D /* BankeyUnitTests.xctest */,
			);
			name = Products;
			sourceTree = "<group>";
		};
		F86EC34C2824780A00B94335 /* Bankey */ = {
			isa = PBXGroup;
			children = (
				F86EC34D2824780A00B94335 /* AppDelegate.swift */,
				F8C58D5E28B97B1E00D6D1F7 /* MainViewController.swift */,
				F866E26D282571B800397F36 /* Login */,
				F8280DB82835B471001AAEC8 /* Onboarding */,
				F887D08A28CB9F1D004C50A8 /* AccountSummary */,
				F8BB98F9289F356700A6535B /* Utils */,
				F866E26C28255DA200397F36 /* Files */,
			);
			path = Bankey;
			sourceTree = "<group>";
		};
		F887D08A28CB9F1D004C50A8 /* AccountSummary */ = {
			isa = PBXGroup;
			children = (
				F887D08B28CB9F91004C50A8 /* AccountSummaryViewController.swift */,
				F8657AF628D14C6D00AE3E04 /* Cells */,
				F8657AF528D14C2100AE3E04 /* Header */,
			);
			path = AccountSummary;
			sourceTree = "<group>";
		};
		F8BB98F9289F356700A6535B /* Utils */ = {
			isa = PBXGroup;
			children = (
				F8C58D5C28B977EE00D6D1F7 /* UiViewController+Utils.swift */,
				F8BB98FA289F358200A6535B /* LocalState.swift */,
				F8D981D928EF79C300D8D3B4 /* Decimal+Utils.swift */,
				F8D981DB28EF79D600D8D3B4 /* CurrencyFormatter.swift */,
			);
			path = Utils;
			sourceTree = "<group>";
		};
/* End PBXGroup section */

/* Begin PBXNativeTarget section */
		F8614D0928F9D3D900C5EB2D /* BankeyUnitTests */ = {
			isa = PBXNativeTarget;
			buildConfigurationList = F8614D1028F9D3DA00C5EB2D /* Build configuration list for PBXNativeTarget "BankeyUnitTests" */;
			buildPhases = (
				F8614D0628F9D3D900C5EB2D /* Sources */,
				F8614D0728F9D3D900C5EB2D /* Frameworks */,
				F8614D0828F9D3D900C5EB2D /* Resources */,
			);
			buildRules = (
			);
			dependencies = (
				F8614D0F28F9D3DA00C5EB2D /* PBXTargetDependency */,
			);
			name = BankeyUnitTests;
			productName = BankeyUnitTests;
			productReference = F8614D0A28F9D3DA00C5EB2D /* BankeyUnitTests.xctest */;
			productType = "com.apple.product-type.bundle.unit-test";
		};
		F86EC3492824780A00B94335 /* Bankey */ = {
			isa = PBXNativeTarget;
			buildConfigurationList = F86EC3742824780B00B94335 /* Build configuration list for PBXNativeTarget "Bankey" */;
			buildPhases = (
				F86EC3462824780A00B94335 /* Sources */,
				F86EC3472824780A00B94335 /* Frameworks */,
				F86EC3482824780A00B94335 /* Resources */,
			);
			buildRules = (
			);
			dependencies = (
			);
			name = Bankey;
			productName = Bankey;
			productReference = F86EC34A2824780A00B94335 /* Bankey.app */;
			productType = "com.apple.product-type.application";
		};
/* End PBXNativeTarget section */

/* Begin PBXProject section */
		F86EC3422824780A00B94335 /* Project object */ = {
			isa = PBXProject;
			attributes = {
				BuildIndependentTargetsInParallel = 1;
				LastSwiftUpdateCheck = 1400;
				LastUpgradeCheck = 1330;
				TargetAttributes = {
					F8614D0928F9D3D900C5EB2D = {
						CreatedOnToolsVersion = 14.0;
						LastSwiftMigration = 1400;
						TestTargetID = F86EC3492824780A00B94335;
					};
					F86EC3492824780A00B94335 = {
						CreatedOnToolsVersion = 13.3;
					};
				};
			};
			buildConfigurationList = F86EC3452824780A00B94335 /* Build configuration list for PBXProject "Bankey" */;
			compatibilityVersion = "Xcode 13.0";
			developmentRegion = en;
			hasScannedForEncodings = 0;
			knownRegions = (
				en,
				Base,
			);
			mainGroup = F86EC3412824780A00B94335;
			productRefGroup = F86EC34B2824780A00B94335 /* Products */;
			projectDirPath = "";
			projectRoot = "";
			targets = (
				F86EC3492824780A00B94335 /* Bankey */,
				F8614D0928F9D3D900C5EB2D /* BankeyUnitTests */,
			);
		};
/* End PBXProject section */

/* Begin PBXResourcesBuildPhase section */
		F8614D0828F9D3D900C5EB2D /* Resources */ = {
			isa = PBXResourcesBuildPhase;
			buildActionMask = 2147483647;
			files = (
			);
			runOnlyForDeploymentPostprocessing = 0;
		};
		F86EC3482824780A00B94335 /* Resources */ = {
			isa = PBXResourcesBuildPhase;
			buildActionMask = 2147483647;
			files = (
				F887D09028CBDC10004C50A8 /* AccountSummaryHeaderView.xib in Resources */,
				F86EC35A2824780B00B94335 /* LaunchScreen.storyboard in Resources */,
				F86EC3572824780B00B94335 /* Assets.xcassets in Resources */,
			);
			runOnlyForDeploymentPostprocessing = 0;
		};
/* End PBXResourcesBuildPhase section */

/* Begin PBXSourcesBuildPhase section */
		F8614D0628F9D3D900C5EB2D /* Sources */ = {
			isa = PBXSourcesBuildPhase;
			buildActionMask = 2147483647;
			files = (
				F8614D1428F9D7D500C5EB2D /* CurrencyFormatterTests.swift in Sources */,
			);
			runOnlyForDeploymentPostprocessing = 0;
		};
		F86EC3462824780A00B94335 /* Sources */ = {
			isa = PBXSourcesBuildPhase;
			buildActionMask = 2147483647;
			files = (
				F8C58D5D28B977EE00D6D1F7 /* UiViewController+Utils.swift in Sources */,
				F866E26F282571F200397F36 /* LoginView.swift in Sources */,
				F8BB98FB289F358200A6535B /* LocalState.swift in Sources */,
				F887D08E28CBDBBF004C50A8 /* AccountSummaryHeaderView.swift in Sources */,
				F8D981DC28EF79D600D8D3B4 /* CurrencyFormatter.swift in Sources */,
				F86EC3522824780A00B94335 /* LoginViewController.swift in Sources */,
				F8D981DA28EF79C300D8D3B4 /* Decimal+Utils.swift in Sources */,
				F8657AF828D14CA600AE3E04 /* AccountSummaryCell.swift in Sources */,
				F86EC34E2824780A00B94335 /* AppDelegate.swift in Sources */,
				F8C58D5F28B97B1E00D6D1F7 /* MainViewController.swift in Sources */,
				F887D08C28CB9F91004C50A8 /* AccountSummaryViewController.swift in Sources */,
				F845C2C5285EA1800090C15A /* OnboardingViewController.swift in Sources */,
				F8280DBA2835B55E001AAEC8 /* OnboardingContainerViewController.swift in Sources */,
			);
			runOnlyForDeploymentPostprocessing = 0;
		};
/* End PBXSourcesBuildPhase section */

/* Begin PBXTargetDependency section */
		F8614D0F28F9D3DA00C5EB2D /* PBXTargetDependency */ = {
			isa = PBXTargetDependency;
			target = F86EC3492824780A00B94335 /* Bankey */;
			targetProxy = F8614D0E28F9D3DA00C5EB2D /* PBXContainerItemProxy */;
		};
/* End PBXTargetDependency section */

/* Begin PBXVariantGroup section */
		F86EC3582824780B00B94335 /* LaunchScreen.storyboard */ = {
			isa = PBXVariantGroup;
			children = (
				F86EC3592824780B00B94335 /* Base */,
			);
			name = LaunchScreen.storyboard;
			sourceTree = "<group>";
		};
/* End PBXVariantGroup section */

/* Begin XCBuildConfiguration section */
		F8614D1128F9D3DA00C5EB2D /* Debug */ = {
			isa = XCBuildConfiguration;
			buildSettings = {
				BUNDLE_LOADER = "$(TEST_HOST)";
				CLANG_CXX_LANGUAGE_STANDARD = "gnu++20";
				CLANG_ENABLE_MODULES = YES;
				CODE_SIGN_STYLE = Automatic;
				CURRENT_PROJECT_VERSION = 1;
				DEVELOPMENT_TEAM = SP79Q2MD42;
				GENERATE_INFOPLIST_FILE = YES;
				IPHONEOS_DEPLOYMENT_TARGET = 16.0;
				LD_RUNPATH_SEARCH_PATHS = (
					"$(inherited)",
					"@executable_path/Frameworks",
					"@loader_path/Frameworks",
				);
				MARKETING_VERSION = 1.0;
				PRODUCT_BUNDLE_IDENTIFIER = com.luism3861.BankeyUnitTests;
				PRODUCT_NAME = "$(TARGET_NAME)";
				SWIFT_EMIT_LOC_STRINGS = NO;
				SWIFT_OPTIMIZATION_LEVEL = "-Onone";
				SWIFT_VERSION = 5.0;
				TARGETED_DEVICE_FAMILY = "1,2";
				TEST_HOST = "$(BUILT_PRODUCTS_DIR)/Bankey.app/$(BUNDLE_EXECUTABLE_FOLDER_PATH)/Bankey";
			};
			name = Debug;
		};
		F8614D1228F9D3DA00C5EB2D /* Release */ = {
			isa = XCBuildConfiguration;
			buildSettings = {
				BUNDLE_LOADER = "$(TEST_HOST)";
				CLANG_CXX_LANGUAGE_STANDARD = "gnu++20";
				CLANG_ENABLE_MODULES = YES;
				CODE_SIGN_STYLE = Automatic;
				CURRENT_PROJECT_VERSION = 1;
				DEVELOPMENT_TEAM = SP79Q2MD42;
				GENERATE_INFOPLIST_FILE = YES;
				IPHONEOS_DEPLOYMENT_TARGET = 16.0;
				LD_RUNPATH_SEARCH_PATHS = (
					"$(inherited)",
					"@executable_path/Frameworks",
					"@loader_path/Frameworks",
				);
				MARKETING_VERSION = 1.0;
				PRODUCT_BUNDLE_IDENTIFIER = com.luism3861.BankeyUnitTests;
				PRODUCT_NAME = "$(TARGET_NAME)";
				SWIFT_EMIT_LOC_STRINGS = NO;
				SWIFT_VERSION = 5.0;
				TARGETED_DEVICE_FAMILY = "1,2";
				TEST_HOST = "$(BUILT_PRODUCTS_DIR)/Bankey.app/$(BUNDLE_EXECUTABLE_FOLDER_PATH)/Bankey";
			};
			name = Release;
		};
		F86EC3722824780B00B94335 /* Debug */ = {
			isa = XCBuildConfiguration;
			buildSettings = {
				ALWAYS_SEARCH_USER_PATHS = NO;
				CLANG_ANALYZER_NONNULL = YES;
				CLANG_ANALYZER_NUMBER_OBJECT_CONVERSION = YES_AGGRESSIVE;
				CLANG_CXX_LANGUAGE_STANDARD = "gnu++17";
				CLANG_ENABLE_MODULES = YES;
				CLANG_ENABLE_OBJC_ARC = YES;
				CLANG_ENABLE_OBJC_WEAK = YES;
				CLANG_WARN_BLOCK_CAPTURE_AUTORELEASING = YES;
				CLANG_WARN_BOOL_CONVERSION = YES;
				CLANG_WARN_COMMA = YES;
				CLANG_WARN_CONSTANT_CONVERSION = YES;
				CLANG_WARN_DEPRECATED_OBJC_IMPLEMENTATIONS = YES;
				CLANG_WARN_DIRECT_OBJC_ISA_USAGE = YES_ERROR;
				CLANG_WARN_DOCUMENTATION_COMMENTS = YES;
				CLANG_WARN_EMPTY_BODY = YES;
				CLANG_WARN_ENUM_CONVERSION = YES;
				CLANG_WARN_INFINITE_RECURSION = YES;
				CLANG_WARN_INT_CONVERSION = YES;
				CLANG_WARN_NON_LITERAL_NULL_CONVERSION = YES;
				CLANG_WARN_OBJC_IMPLICIT_RETAIN_SELF = YES;
				CLANG_WARN_OBJC_LITERAL_CONVERSION = YES;
				CLANG_WARN_OBJC_ROOT_CLASS = YES_ERROR;
				CLANG_WARN_QUOTED_INCLUDE_IN_FRAMEWORK_HEADER = YES;
				CLANG_WARN_RANGE_LOOP_ANALYSIS = YES;
				CLANG_WARN_STRICT_PROTOTYPES = YES;
				CLANG_WARN_SUSPICIOUS_MOVE = YES;
				CLANG_WARN_UNGUARDED_AVAILABILITY = YES_AGGRESSIVE;
				CLANG_WARN_UNREACHABLE_CODE = YES;
				CLANG_WARN__DUPLICATE_METHOD_MATCH = YES;
				COPY_PHASE_STRIP = NO;
				DEBUG_INFORMATION_FORMAT = dwarf;
				ENABLE_STRICT_OBJC_MSGSEND = YES;
				ENABLE_TESTABILITY = YES;
				GCC_C_LANGUAGE_STANDARD = gnu11;
				GCC_DYNAMIC_NO_PIC = NO;
				GCC_NO_COMMON_BLOCKS = YES;
				GCC_OPTIMIZATION_LEVEL = 0;
				GCC_PREPROCESSOR_DEFINITIONS = (
					"DEBUG=1",
					"$(inherited)",
				);
				GCC_WARN_64_TO_32_BIT_CONVERSION = YES;
				GCC_WARN_ABOUT_RETURN_TYPE = YES_ERROR;
				GCC_WARN_UNDECLARED_SELECTOR = YES;
				GCC_WARN_UNINITIALIZED_AUTOS = YES_AGGRESSIVE;
				GCC_WARN_UNUSED_FUNCTION = YES;
				GCC_WARN_UNUSED_VARIABLE = YES;
				IPHONEOS_DEPLOYMENT_TARGET = 15.4;
				MTL_ENABLE_DEBUG_INFO = INCLUDE_SOURCE;
				MTL_FAST_MATH = YES;
				ONLY_ACTIVE_ARCH = YES;
				SDKROOT = iphoneos;
				SWIFT_ACTIVE_COMPILATION_CONDITIONS = DEBUG;
				SWIFT_OPTIMIZATION_LEVEL = "-Onone";
			};
			name = Debug;
		};
		F86EC3732824780B00B94335 /* Release */ = {
			isa = XCBuildConfiguration;
			buildSettings = {
				ALWAYS_SEARCH_USER_PATHS = NO;
				CLANG_ANALYZER_NONNULL = YES;
				CLANG_ANALYZER_NUMBER_OBJECT_CONVERSION = YES_AGGRESSIVE;
				CLANG_CXX_LANGUAGE_STANDARD = "gnu++17";
				CLANG_ENABLE_MODULES = YES;
				CLANG_ENABLE_OBJC_ARC = YES;
				CLANG_ENABLE_OBJC_WEAK = YES;
				CLANG_WARN_BLOCK_CAPTURE_AUTORELEASING = YES;
				CLANG_WARN_BOOL_CONVERSION = YES;
				CLANG_WARN_COMMA = YES;
				CLANG_WARN_CONSTANT_CONVERSION = YES;
				CLANG_WARN_DEPRECATED_OBJC_IMPLEMENTATIONS = YES;
				CLANG_WARN_DIRECT_OBJC_ISA_USAGE = YES_ERROR;
				CLANG_WARN_DOCUMENTATION_COMMENTS = YES;
				CLANG_WARN_EMPTY_BODY = YES;
				CLANG_WARN_ENUM_CONVERSION = YES;
				CLANG_WARN_INFINITE_RECURSION = YES;
				CLANG_WARN_INT_CONVERSION = YES;
				CLANG_WARN_NON_LITERAL_NULL_CONVERSION = YES;
				CLANG_WARN_OBJC_IMPLICIT_RETAIN_SELF = YES;
				CLANG_WARN_OBJC_LITERAL_CONVERSION = YES;
				CLANG_WARN_OBJC_ROOT_CLASS = YES_ERROR;
				CLANG_WARN_QUOTED_INCLUDE_IN_FRAMEWORK_HEADER = YES;
				CLANG_WARN_RANGE_LOOP_ANALYSIS = YES;
				CLANG_WARN_STRICT_PROTOTYPES = YES;
				CLANG_WARN_SUSPICIOUS_MOVE = YES;
				CLANG_WARN_UNGUARDED_AVAILABILITY = YES_AGGRESSIVE;
				CLANG_WARN_UNREACHABLE_CODE = YES;
				CLANG_WARN__DUPLICATE_METHOD_MATCH = YES;
				COPY_PHASE_STRIP = NO;
				DEBUG_INFORMATION_FORMAT = "dwarf-with-dsym";
				ENABLE_NS_ASSERTIONS = NO;
				ENABLE_STRICT_OBJC_MSGSEND = YES;
				GCC_C_LANGUAGE_STANDARD = gnu11;
				GCC_NO_COMMON_BLOCKS = YES;
				GCC_WARN_64_TO_32_BIT_CONVERSION = YES;
				GCC_WARN_ABOUT_RETURN_TYPE = YES_ERROR;
				GCC_WARN_UNDECLARED_SELECTOR = YES;
				GCC_WARN_UNINITIALIZED_AUTOS = YES_AGGRESSIVE;
				GCC_WARN_UNUSED_FUNCTION = YES;
				GCC_WARN_UNUSED_VARIABLE = YES;
				IPHONEOS_DEPLOYMENT_TARGET = 15.4;
				MTL_ENABLE_DEBUG_INFO = NO;
				MTL_FAST_MATH = YES;
				SDKROOT = iphoneos;
				SWIFT_COMPILATION_MODE = wholemodule;
				SWIFT_OPTIMIZATION_LEVEL = "-O";
				VALIDATE_PRODUCT = YES;
			};
			name = Release;
		};
		F86EC3752824780B00B94335 /* Debug */ = {
			isa = XCBuildConfiguration;
			buildSettings = {
				ASSETCATALOG_COMPILER_APPICON_NAME = AppIcon;
				ASSETCATALOG_COMPILER_GLOBAL_ACCENT_COLOR_NAME = AccentColor;
				CODE_SIGN_STYLE = Automatic;
				CURRENT_PROJECT_VERSION = 1;
				DEVELOPMENT_TEAM = 8Q3D3GS87P;
				GENERATE_INFOPLIST_FILE = YES;
				INFOPLIST_FILE = Bankey/Info.plist;
				INFOPLIST_KEY_CFBundleDisplayName = Bankey;
				INFOPLIST_KEY_UIApplicationSupportsIndirectInputEvents = YES;
				INFOPLIST_KEY_UILaunchStoryboardName = LaunchScreen;
				INFOPLIST_KEY_UISupportedInterfaceOrientations = UIInterfaceOrientationPortrait;
				INFOPLIST_KEY_UISupportedInterfaceOrientations_iPad = "UIInterfaceOrientationLandscapeLeft UIInterfaceOrientationLandscapeRight UIInterfaceOrientationPortrait";
				INFOPLIST_KEY_UISupportedInterfaceOrientations_iPhone = "UIInterfaceOrientationPortrait UIInterfaceOrientationLandscapeLeft UIInterfaceOrientationLandscapeRight";
				LD_RUNPATH_SEARCH_PATHS = (
					"$(inherited)",
					"@executable_path/Frameworks",
				);
				MARKETING_VERSION = 1.0;
				PRODUCT_BUNDLE_IDENTIFIER = com.luism.bankey;
				PRODUCT_NAME = "$(TARGET_NAME)";
				SWIFT_EMIT_LOC_STRINGS = YES;
				SWIFT_VERSION = 5.0;
				TARGETED_DEVICE_FAMILY = "1,2";
			};
			name = Debug;
		};
		F86EC3762824780B00B94335 /* Release */ = {
			isa = XCBuildConfiguration;
			buildSettings = {
				ASSETCATALOG_COMPILER_APPICON_NAME = AppIcon;
				ASSETCATALOG_COMPILER_GLOBAL_ACCENT_COLOR_NAME = AccentColor;
				CODE_SIGN_STYLE = Automatic;
				CURRENT_PROJECT_VERSION = 1;
				DEVELOPMENT_TEAM = 8Q3D3GS87P;
				GENERATE_INFOPLIST_FILE = YES;
				INFOPLIST_FILE = Bankey/Info.plist;
				INFOPLIST_KEY_CFBundleDisplayName = Bankey;
				INFOPLIST_KEY_UIApplicationSupportsIndirectInputEvents = YES;
				INFOPLIST_KEY_UILaunchStoryboardName = LaunchScreen;
				INFOPLIST_KEY_UISupportedInterfaceOrientations = UIInterfaceOrientationPortrait;
				INFOPLIST_KEY_UISupportedInterfaceOrientations_iPad = "UIInterfaceOrientationLandscapeLeft UIInterfaceOrientationLandscapeRight UIInterfaceOrientationPortrait";
				INFOPLIST_KEY_UISupportedInterfaceOrientations_iPhone = "UIInterfaceOrientationPortrait UIInterfaceOrientationLandscapeLeft UIInterfaceOrientationLandscapeRight";
				LD_RUNPATH_SEARCH_PATHS = (
					"$(inherited)",
					"@executable_path/Frameworks",
				);
				MARKETING_VERSION = 1.0;
				PRODUCT_BUNDLE_IDENTIFIER = com.luism.bankey;
				PRODUCT_NAME = "$(TARGET_NAME)";
				SWIFT_EMIT_LOC_STRINGS = YES;
				SWIFT_VERSION = 5.0;
				TARGETED_DEVICE_FAMILY = "1,2";
			};
			name = Release;
		};
/* End XCBuildConfiguration section */

/* Begin XCConfigurationList section */
		F8614D1028F9D3DA00C5EB2D /* Build configuration list for PBXNativeTarget "BankeyUnitTests" */ = {
			isa = XCConfigurationList;
			buildConfigurations = (
				F8614D1128F9D3DA00C5EB2D /* Debug */,
				F8614D1228F9D3DA00C5EB2D /* Release */,
			);
			defaultConfigurationIsVisible = 0;
			defaultConfigurationName = Release;
		};
		F86EC3452824780A00B94335 /* Build configuration list for PBXProject "Bankey" */ = {
			isa = XCConfigurationList;
			buildConfigurations = (
				F86EC3722824780B00B94335 /* Debug */,
				F86EC3732824780B00B94335 /* Release */,
			);
			defaultConfigurationIsVisible = 0;
			defaultConfigurationName = Release;
		};
		F86EC3742824780B00B94335 /* Build configuration list for PBXNativeTarget "Bankey" */ = {
			isa = XCConfigurationList;
			buildConfigurations = (
				F86EC3752824780B00B94335 /* Debug */,
				F86EC3762824780B00B94335 /* Release */,
			);
			defaultConfigurationIsVisible = 0;
			defaultConfigurationName = Release;
		};
/* End XCConfigurationList section */
	};
	rootObject = F86EC3422824780A00B94335 /* Project object */;
}
